
Microsoft Visual Studio Solution File, Format Version 12.00
# Visual Studio Version 17
VisualStudioVersion = 17.4.33213.308
MinimumVisualStudioVersion = 10.0.40219.1
Project("{FAE04EC0-301F-11D3-BF4B-00C04F79EFBC}") = "vetores", "vetores\vetores.csproj", "{35BB5D10-14D4-4D67-BD87-08157D3C1473}"
EndProject
Global
	GlobalSection(SolutionConfigurationPlatforms) = preSolution
		Debug|Any CPU = Debug|Any CPU
		Release|Any CPU = Release|Any CPU
	EndGlobalSection
	GlobalSection(ProjectConfigurationPlatforms) = postSolution
		{35BB5D10-14D4-4D67-BD87-08157D3C1473}.Debug|Any CPU.ActiveCfg = Debug|Any CPU
		{35BB5D10-14D4-4D67-BD87-08157D3C1473}.Debug|Any CPU.Build.0 = Debug|Any CPU
		{35BB5D10-14D4-4D67-BD87-08157D3C1473}.Release|Any CPU.ActiveCfg = Release|Any CPU
		{35BB5D10-14D4-4D67-BD87-08157D3C1473}.Release|Any CPU.Build.0 = Release|Any CPU
	EndGlobalSection
	GlobalSection(SolutionProperties) = preSolution
		HideSolutionNode = FALSE
	EndGlobalSection
	GlobalSection(ExtensibilityGlobals) = postSolution
		SolutionGuid = {DF801AB5-6CE5-4886-B7CE-A6E1A6308D23}
	EndGlobalSection
EndGlobal
